
Microsoft Visual Studio Solution File, Format Version 12.00
# Visual Studio 15
Project("{8BC9CEB8-8B4A-11D0-8D11-00A0C91BC942}") = "ALL_BUILD", "ALL_BUILD.vcxproj", "{1BAB870E-72E8-3847-B522-4724B8133F37}"
	ProjectSection(ProjectDependencies) = postProject
		{C3EA58FC-F8E2-3342-BA5A-7811A5378CD3} = {C3EA58FC-F8E2-3342-BA5A-7811A5378CD3}
		{DCBFEC2A-9C30-3F48-8D93-C51C361481DA} = {DCBFEC2A-9C30-3F48-8D93-C51C361481DA}
		{B64A24D6-A23F-3B1B-9A22-0DDA50DD923D} = {B64A24D6-A23F-3B1B-9A22-0DDA50DD923D}
		{F0D9B776-48CA-3C05-BAE3-5AF8F587E090} = {F0D9B776-48CA-3C05-BAE3-5AF8F587E090}
		{D22472E9-C7BA-330C-887F-1BA25B263FE7} = {D22472E9-C7BA-330C-887F-1BA25B263FE7}
		{E5D00122-C282-3263-A8FB-3E0F8BF410D1} = {E5D00122-C282-3263-A8FB-3E0F8BF410D1}
	EndProjectSection
EndProject
Project("{8BC9CEB8-8B4A-11D0-8D11-00A0C91BC942}") = "ZERO_CHECK", "ZERO_CHECK.vcxproj", "{C3EA58FC-F8E2-3342-BA5A-7811A5378CD3}"
	ProjectSection(ProjectDependencies) = postProject
	EndProjectSection
EndProject
Project("{8BC9CEB8-8B4A-11D0-8D11-00A0C91BC942}") = "zest-fonts", "examples\Simple\zest-fonts.vcxproj", "{DCBFEC2A-9C30-3F48-8D93-C51C361481DA}"
	ProjectSection(ProjectDependencies) = postProject
		{C3EA58FC-F8E2-3342-BA5A-7811A5378CD3} = {C3EA58FC-F8E2-3342-BA5A-7811A5378CD3}
		{F0D9B776-48CA-3C05-BAE3-5AF8F587E090} = {F0D9B776-48CA-3C05-BAE3-5AF8F587E090}
	EndProjectSection
EndProject
Project("{8BC9CEB8-8B4A-11D0-8D11-00A0C91BC942}") = "zest-instance-layers", "examples\Simple\zest-instance-layers.vcxproj", "{B64A24D6-A23F-3B1B-9A22-0DDA50DD923D}"
	ProjectSection(ProjectDependencies) = postProject
		{C3EA58FC-F8E2-3342-BA5A-7811A5378CD3} = {C3EA58FC-F8E2-3342-BA5A-7811A5378CD3}
		{F0D9B776-48CA-3C05-BAE3-5AF8F587E090} = {F0D9B776-48CA-3C05-BAE3-5AF8F587E090}
	EndProjectSection
EndProject
Project("{8BC9CEB8-8B4A-11D0-8D11-00A0C91BC942}") = "zest-lib", "zest-lib.vcxproj", "{F0D9B776-48CA-3C05-BAE3-5AF8F587E090}"
	ProjectSection(ProjectDependencies) = postProject
		{C3EA58FC-F8E2-3342-BA5A-7811A5378CD3} = {C3EA58FC-F8E2-3342-BA5A-7811A5378CD3}
	EndProjectSection
EndProject
Project("{8BC9CEB8-8B4A-11D0-8D11-00A0C91BC942}") = "zest-minimal-template", "examples\Simple\zest-minimal-template.vcxproj", "{D22472E9-C7BA-330C-887F-1BA25B263FE7}"
	ProjectSection(ProjectDependencies) = postProject
		{C3EA58FC-F8E2-3342-BA5A-7811A5378CD3} = {C3EA58FC-F8E2-3342-BA5A-7811A5378CD3}
		{F0D9B776-48CA-3C05-BAE3-5AF8F587E090} = {F0D9B776-48CA-3C05-BAE3-5AF8F587E090}
	EndProjectSection
EndProject
Project("{8BC9CEB8-8B4A-11D0-8D11-00A0C91BC942}") = "zest-render-targets", "examples\Simple\zest-render-targets.vcxproj", "{E5D00122-C282-3263-A8FB-3E0F8BF410D1}"
	ProjectSection(ProjectDependencies) = postProject
		{C3EA58FC-F8E2-3342-BA5A-7811A5378CD3} = {C3EA58FC-F8E2-3342-BA5A-7811A5378CD3}
		{F0D9B776-48CA-3C05-BAE3-5AF8F587E090} = {F0D9B776-48CA-3C05-BAE3-5AF8F587E090}
	EndProjectSection
EndProject
Global
	GlobalSection(SolutionConfigurationPlatforms) = preSolution
		Debug|x64 = Debug|x64
		Release|x64 = Release|x64
		MinSizeRel|x64 = MinSizeRel|x64
		RelWithDebInfo|x64 = RelWithDebInfo|x64
	EndGlobalSection
	GlobalSection(ProjectConfigurationPlatforms) = postSolution
		{1BAB870E-72E8-3847-B522-4724B8133F37}.Debug|x64.ActiveCfg = Debug|x64
		{1BAB870E-72E8-3847-B522-4724B8133F37}.Release|x64.ActiveCfg = Release|x64
		{1BAB870E-72E8-3847-B522-4724B8133F37}.MinSizeRel|x64.ActiveCfg = MinSizeRel|x64
		{1BAB870E-72E8-3847-B522-4724B8133F37}.RelWithDebInfo|x64.ActiveCfg = RelWithDebInfo|x64
		{C3EA58FC-F8E2-3342-BA5A-7811A5378CD3}.Debug|x64.ActiveCfg = Debug|x64
		{C3EA58FC-F8E2-3342-BA5A-7811A5378CD3}.Debug|x64.Build.0 = Debug|x64
		{C3EA58FC-F8E2-3342-BA5A-7811A5378CD3}.Release|x64.ActiveCfg = Release|x64
		{C3EA58FC-F8E2-3342-BA5A-7811A5378CD3}.Release|x64.Build.0 = Release|x64
		{C3EA58FC-F8E2-3342-BA5A-7811A5378CD3}.MinSizeRel|x64.ActiveCfg = MinSizeRel|x64
		{C3EA58FC-F8E2-3342-BA5A-7811A5378CD3}.MinSizeRel|x64.Build.0 = MinSizeRel|x64
		{C3EA58FC-F8E2-3342-BA5A-7811A5378CD3}.RelWithDebInfo|x64.ActiveCfg = RelWithDebInfo|x64
		{C3EA58FC-F8E2-3342-BA5A-7811A5378CD3}.RelWithDebInfo|x64.Build.0 = RelWithDebInfo|x64
		{DCBFEC2A-9C30-3F48-8D93-C51C361481DA}.Debug|x64.ActiveCfg = Debug|x64
		{DCBFEC2A-9C30-3F48-8D93-C51C361481DA}.Debug|x64.Build.0 = Debug|x64
		{DCBFEC2A-9C30-3F48-8D93-C51C361481DA}.Release|x64.ActiveCfg = Release|x64
		{DCBFEC2A-9C30-3F48-8D93-C51C361481DA}.Release|x64.Build.0 = Release|x64
		{DCBFEC2A-9C30-3F48-8D93-C51C361481DA}.MinSizeRel|x64.ActiveCfg = MinSizeRel|x64
		{DCBFEC2A-9C30-3F48-8D93-C51C361481DA}.MinSizeRel|x64.Build.0 = MinSizeRel|x64
		{DCBFEC2A-9C30-3F48-8D93-C51C361481DA}.RelWithDebInfo|x64.ActiveCfg = RelWithDebInfo|x64
		{DCBFEC2A-9C30-3F48-8D93-C51C361481DA}.RelWithDebInfo|x64.Build.0 = RelWithDebInfo|x64
		{B64A24D6-A23F-3B1B-9A22-0DDA50DD923D}.Debug|x64.ActiveCfg = Debug|x64
		{B64A24D6-A23F-3B1B-9A22-0DDA50DD923D}.Debug|x64.Build.0 = Debug|x64
		{B64A24D6-A23F-3B1B-9A22-0DDA50DD923D}.Release|x64.ActiveCfg = Release|x64
		{B64A24D6-A23F-3B1B-9A22-0DDA50DD923D}.Release|x64.Build.0 = Release|x64
		{B64A24D6-A23F-3B1B-9A22-0DDA50DD923D}.MinSizeRel|x64.ActiveCfg = MinSizeRel|x64
		{B64A24D6-A23F-3B1B-9A22-0DDA50DD923D}.MinSizeRel|x64.Build.0 = MinSizeRel|x64
		{B64A24D6-A23F-3B1B-9A22-0DDA50DD923D}.RelWithDebInfo|x64.ActiveCfg = RelWithDebInfo|x64
		{B64A24D6-A23F-3B1B-9A22-0DDA50DD923D}.RelWithDebInfo|x64.Build.0 = RelWithDebInfo|x64
		{F0D9B776-48CA-3C05-BAE3-5AF8F587E090}.Debug|x64.ActiveCfg = Debug|x64
		{F0D9B776-48CA-3C05-BAE3-5AF8F587E090}.Debug|x64.Build.0 = Debug|x64
		{F0D9B776-48CA-3C05-BAE3-5AF8F587E090}.Release|x64.ActiveCfg = Release|x64
		{F0D9B776-48CA-3C05-BAE3-5AF8F587E090}.Release|x64.Build.0 = Release|x64
		{F0D9B776-48CA-3C05-BAE3-5AF8F587E090}.MinSizeRel|x64.ActiveCfg = MinSizeRel|x64
		{F0D9B776-48CA-3C05-BAE3-5AF8F587E090}.MinSizeRel|x64.Build.0 = MinSizeRel|x64
		{F0D9B776-48CA-3C05-BAE3-5AF8F587E090}.RelWithDebInfo|x64.ActiveCfg = RelWithDebInfo|x64
		{F0D9B776-48CA-3C05-BAE3-5AF8F587E090}.RelWithDebInfo|x64.Build.0 = RelWithDebInfo|x64
		{D22472E9-C7BA-330C-887F-1BA25B263FE7}.Debug|x64.ActiveCfg = Debug|x64
		{D22472E9-C7BA-330C-887F-1BA25B263FE7}.Debug|x64.Build.0 = Debug|x64
		{D22472E9-C7BA-330C-887F-1BA25B263FE7}.Release|x64.ActiveCfg = Release|x64
		{D22472E9-C7BA-330C-887F-1BA25B263FE7}.Release|x64.Build.0 = Release|x64
		{D22472E9-C7BA-330C-887F-1BA25B263FE7}.MinSizeRel|x64.ActiveCfg = MinSizeRel|x64
		{D22472E9-C7BA-330C-887F-1BA25B263FE7}.MinSizeRel|x64.Build.0 = MinSizeRel|x64
		{D22472E9-C7BA-330C-887F-1BA25B263FE7}.RelWithDebInfo|x64.ActiveCfg = RelWithDebInfo|x64
		{D22472E9-C7BA-330C-887F-1BA25B263FE7}.RelWithDebInfo|x64.Build.0 = RelWithDebInfo|x64
		{E5D00122-C282-3263-A8FB-3E0F8BF410D1}.Debug|x64.ActiveCfg = Debug|x64
		{E5D00122-C282-3263-A8FB-3E0F8BF410D1}.Debug|x64.Build.0 = Debug|x64
		{E5D00122-C282-3263-A8FB-3E0F8BF410D1}.Release|x64.ActiveCfg = Release|x64
		{E5D00122-C282-3263-A8FB-3E0F8BF410D1}.Release|x64.Build.0 = Release|x64
		{E5D00122-C282-3263-A8FB-3E0F8BF410D1}.MinSizeRel|x64.ActiveCfg = MinSizeRel|x64
		{E5D00122-C282-3263-A8FB-3E0F8BF410D1}.MinSizeRel|x64.Build.0 = MinSizeRel|x64
		{E5D00122-C282-3263-A8FB-3E0F8BF410D1}.RelWithDebInfo|x64.ActiveCfg = RelWithDebInfo|x64
		{E5D00122-C282-3263-A8FB-3E0F8BF410D1}.RelWithDebInfo|x64.Build.0 = RelWithDebInfo|x64
	EndGlobalSection
	GlobalSection(ExtensibilityGlobals) = postSolution
		SolutionGuid = {8141A8D2-58A3-3631-9212-A0E40B7F3A67}
	EndGlobalSection
	GlobalSection(ExtensibilityAddIns) = postSolution
	EndGlobalSection
EndGlobal
